
Microsoft Visual Studio Solution File, Format Version 12.00
# Visual Studio Version 17
VisualStudioVersion = 17.4.33110.190
MinimumVisualStudioVersion = 10.0.40219.1
Project("{FAE04EC0-301F-11D3-BF4B-00C04F79EFBC}") = "Traff Manager", "Traff Manager\Traff Manager.csproj", "{75E6DACC-AE41-4A1B-8908-D28AF29904B9}"
EndProject
Global
	GlobalSection(SolutionConfigurationPlatforms) = preSolution
		Debug|Any CPU = Debug|Any CPU
		Release|Any CPU = Release|Any CPU
	EndGlobalSection
	GlobalSection(ProjectConfigurationPlatforms) = postSolution
		{75E6DACC-AE41-4A1B-8908-D28AF29904B9}.Debug|Any CPU.ActiveCfg = Debug|Any CPU
		{75E6DACC-AE41-4A1B-8908-D28AF29904B9}.Debug|Any CPU.Build.0 = Debug|Any CPU
		{75E6DACC-AE41-4A1B-8908-D28AF29904B9}.Release|Any CPU.ActiveCfg = Release|Any CPU
		{75E6DACC-AE41-4A1B-8908-D28AF29904B9}.Release|Any CPU.Build.0 = Release|Any CPU
	EndGlobalSection
	GlobalSection(SolutionProperties) = preSolution
		HideSolutionNode = FALSE
	EndGlobalSection
	GlobalSection(ExtensibilityGlobals) = postSolution
		SolutionGuid = {EC57ADEF-21EA-45CB-9E78-34B8662E3A99}
	EndGlobalSection
EndGlobal
